
Microsoft Visual Studio Solution File, Format Version 12.00
# Visual Studio Version 17
VisualStudioVersion = 17.10.35013.160
MinimumVisualStudioVersion = 10.0.40219.1
Project("{2150E333-8FDC-42A3-9474-1A3956D46DE8}") = "Services", "Services", "{2FC98EF9-4984-4F65-97EF-7D70FDA94DDF}"
EndProject
Project("{2150E333-8FDC-42A3-9474-1A3956D46DE8}") = "Catalog", "Catalog", "{A005508E-AFD1-4FAB-A107-DE79234A308F}"
EndProject
Project("{FAE04EC0-301F-11D3-BF4B-00C04F79EFBC}") = "Catalog.API", "Services\Catalog\Catalog.API\Catalog.API.csproj", "{E69F4016-E169-4CBC-9F0E-7EEC2B0F83C9}"
EndProject
Project("{2150E333-8FDC-42A3-9474-1A3956D46DE8}") = "BuildingBlocks", "BuildingBlocks", "{FE93EB57-A094-4AEC-AE12-2E41366BAC44}"
EndProject
Project("{FAE04EC0-301F-11D3-BF4B-00C04F79EFBC}") = "BuildingBlocks", "BuildingBlocks\BuildingBlocks\BuildingBlocks.csproj", "{C43E235A-29F3-44C5-99C9-E531CF8CBB01}"
EndProject
Global
	GlobalSection(SolutionConfigurationPlatforms) = preSolution
		Debug|Any CPU = Debug|Any CPU
		Release|Any CPU = Release|Any CPU
	EndGlobalSection
	GlobalSection(ProjectConfigurationPlatforms) = postSolution
		{E69F4016-E169-4CBC-9F0E-7EEC2B0F83C9}.Debug|Any CPU.ActiveCfg = Debug|Any CPU
		{E69F4016-E169-4CBC-9F0E-7EEC2B0F83C9}.Debug|Any CPU.Build.0 = Debug|Any CPU
		{E69F4016-E169-4CBC-9F0E-7EEC2B0F83C9}.Release|Any CPU.ActiveCfg = Release|Any CPU
		{E69F4016-E169-4CBC-9F0E-7EEC2B0F83C9}.Release|Any CPU.Build.0 = Release|Any CPU
		{C43E235A-29F3-44C5-99C9-E531CF8CBB01}.Debug|Any CPU.ActiveCfg = Debug|Any CPU
		{C43E235A-29F3-44C5-99C9-E531CF8CBB01}.Debug|Any CPU.Build.0 = Debug|Any CPU
		{C43E235A-29F3-44C5-99C9-E531CF8CBB01}.Release|Any CPU.ActiveCfg = Release|Any CPU
		{C43E235A-29F3-44C5-99C9-E531CF8CBB01}.Release|Any CPU.Build.0 = Release|Any CPU
	EndGlobalSection
	GlobalSection(SolutionProperties) = preSolution
		HideSolutionNode = FALSE
	EndGlobalSection
	GlobalSection(NestedProjects) = preSolution
		{A005508E-AFD1-4FAB-A107-DE79234A308F} = {2FC98EF9-4984-4F65-97EF-7D70FDA94DDF}
		{E69F4016-E169-4CBC-9F0E-7EEC2B0F83C9} = {A005508E-AFD1-4FAB-A107-DE79234A308F}
		{C43E235A-29F3-44C5-99C9-E531CF8CBB01} = {FE93EB57-A094-4AEC-AE12-2E41366BAC44}
	EndGlobalSection
	GlobalSection(ExtensibilityGlobals) = postSolution
		SolutionGuid = {480D8745-1D7C-47E2-9A9F-481F44CB3DC3}
	EndGlobalSection
EndGlobal
